
Microsoft Visual Studio Solution File, Format Version 12.00
# Visual Studio 15
VisualStudioVersion = 15.0.28010.2016
MinimumVisualStudioVersion = 10.0.40219.1
Project("{FAE04EC0-301F-11D3-BF4B-00C04F79EFBC}") = "Exception handling", "Exception handling\Exception handling.csproj", "{28728722-1501-4386-9696-CE3057599917}"
EndProject
Global
	GlobalSection(SolutionConfigurationPlatforms) = preSolution
		Debug|Any CPU = Debug|Any CPU
		Release|Any CPU = Release|Any CPU
	EndGlobalSection
	GlobalSection(ProjectConfigurationPlatforms) = postSolution
		{28728722-1501-4386-9696-CE3057599917}.Debug|Any CPU.ActiveCfg = Debug|Any CPU
		{28728722-1501-4386-9696-CE3057599917}.Debug|Any CPU.Build.0 = Debug|Any CPU
		{28728722-1501-4386-9696-CE3057599917}.Release|Any CPU.ActiveCfg = Release|Any CPU
		{28728722-1501-4386-9696-CE3057599917}.Release|Any CPU.Build.0 = Release|Any CPU
	EndGlobalSection
	GlobalSection(SolutionProperties) = preSolution
		HideSolutionNode = FALSE
	EndGlobalSection
	GlobalSection(ExtensibilityGlobals) = postSolution
		SolutionGuid = {F7D2244D-E42E-4717-8F24-46B446DAFA5A}
	EndGlobalSection
EndGlobal
